// !$*UTF8*$!
{
	archiveVersion = 1;
	classes = {
	};
	objectVersion = 50;
	objects = {

/* Begin PBXBuildFile section */
		FA7F59CD216E968800EC2EC8 /* AppDelegate.swift in Sources */ = {isa = PBXBuildFile; fileRef = FA7F59CC216E968800EC2EC8 /* AppDelegate.swift */; };
		FA7F59CF216E968800EC2EC8 /* ViewController.swift in Sources */ = {isa = PBXBuildFile; fileRef = FA7F59CE216E968800EC2EC8 /* ViewController.swift */; };
		FA7F59D2216E968800EC2EC8 /* Main.storyboard in Resources */ = {isa = PBXBuildFile; fileRef = FA7F59D0216E968800EC2EC8 /* Main.storyboard */; };
		FA7F59D4216E968900EC2EC8 /* Assets.xcassets in Resources */ = {isa = PBXBuildFile; fileRef = FA7F59D3216E968900EC2EC8 /* Assets.xcassets */; };
		FA7F59D7216E968900EC2EC8 /* LaunchScreen.storyboard in Resources */ = {isa = PBXBuildFile; fileRef = FA7F59D5216E968900EC2EC8 /* LaunchScreen.storyboard */; };
		FA7F59E0216EA3FD00EC2EC8 /* MapKit.framework in Frameworks */ = {isa = PBXBuildFile; fileRef = FA7F59DF216EA3FD00EC2EC8 /* MapKit.framework */; };
/* End PBXBuildFile section */

/* Begin PBXFileReference section */
		FA7F59C9216E968800EC2EC8 /* mapitas.app */ = {isa = PBXFileReference; explicitFileType = wrapper.application; includeInIndex = 0; path = mapitas.app; sourceTree = BUILT_PRODUCTS_DIR; };
		FA7F59CC216E968800EC2EC8 /* AppDelegate.swift */ = {isa = PBXFileReference; lastKnownFileType = sourcecode.swift; path = AppDelegate.swift; sourceTree = "<group>"; };
		FA7F59CE216E968800EC2EC8 /* ViewController.swift */ = {isa = PBXFileReference; lastKnownFileType = sourcecode.swift; path = ViewController.swift; sourceTree = "<group>"; };
		FA7F59D1216E968800EC2EC8 /* Base */ = {isa = PBXFileReference; lastKnownFileType = file.storyboard; name = Base; path = Base.lproj/Main.storyboard; sourceTree = "<group>"; };
		FA7F59D3216E968900EC2EC8 /* Assets.xcassets */ = {isa = PBXFileReference; lastKnownFileType = folder.assetcatalog; path = Assets.xcassets; sourceTree = "<group>"; };
		FA7F59D6216E968900EC2EC8 /* Base */ = {isa = PBXFileReference; lastKnownFileType = file.storyboard; name = Base; path = Base.lproj/LaunchScreen.storyboard; sourceTree = "<group>"; };
		FA7F59D8216E968900EC2EC8 /* Info.plist */ = {isa = PBXFileReference; lastKnownFileType = text.plist.xml; path = Info.plist; sourceTree = "<group>"; };
		FA7F59DF216EA3FD00EC2EC8 /* MapKit.framework */ = {isa = PBXFileReference; lastKnownFileType = wrapper.framework; name = MapKit.framework; path = System/Library/Frameworks/MapKit.framework; sourceTree = SDKROOT; };
/* End PBXFileReference section */

/* Begin PBXFrameworksBuildPhase section */
		FA7F59C6216E968800EC2EC8 /* Frameworks */ = {
			isa = PBXFrameworksBuildPhase;
			buildActionMask = 2147483647;
			files = (
				FA7F59E0216EA3FD00EC2EC8 /* MapKit.framework in Frameworks */,
			);
			runOnlyForDeploymentPostprocessing = 0;
		};
/* End PBXFrameworksBuildPhase section */

/* Begin PBXGroup section */
		FA7F59C0216E968700EC2EC8 = {
			isa = PBXGroup;
			children = (
				FA7F59CB216E968800EC2EC8 /* mapitas */,
				FA7F59CA216E968800EC2EC8 /* Products */,
				FA7F59DE216EA3FD00EC2EC8 /* Frameworks */,
			);
			sourceTree = "<group>";
		};
		FA7F59CA216E968800EC2EC8 /* Products */ = {
			isa = PBXGroup;
			children = (
				FA7F59C9216E968800EC2EC8 /* mapitas.app */,
			);
			name = Products;
			sourceTree = "<group>";
		};
		FA7F59CB216E968800EC2EC8 /* mapitas */ = {
			isa = PBXGroup;
			children = (
				FA7F59CC216E968800EC2EC8 /* AppDelegate.swift */,
				FA7F59CE216E968800EC2EC8 /* ViewController.swift */,
				FA7F59D0216E968800EC2EC8 /* Main.storyboard */,
				FA7F59D3216E968900EC2EC8 /* Assets.xcassets */,
				FA7F59D5216E968900EC2EC8 /* LaunchScreen.storyboard */,
				FA7F59D8216E968900EC2EC8 /* Info.plist */,
			);
			path = mapitas;
			sourceTree = "<group>";
		};
		FA7F59DE216EA3FD00EC2EC8 /* Frameworks */ = {
			isa = PBXGroup;
			children = (
				FA7F59DF216EA3FD00EC2EC8 /* MapKit.framework */,
			);
			name = Frameworks;
			sourceTree = "<group>";
		};
/* End PBXGroup section */

/* Begin PBXNativeTarget section */
		FA7F59C8216E968800EC2EC8 /* mapitas */ = {
			isa = PBXNativeTarget;
			buildConfigurationList = FA7F59DB216E968900EC2EC8 /* Build configuration list for PBXNativeTarget "mapitas" */;
			buildPhases = (
				FA7F59C5216E968800EC2EC8 /* Sources */,
				FA7F59C6216E968800EC2EC8 /* Frameworks */,
				FA7F59C7216E968800EC2EC8 /* Resources */,
			);
			buildRules = (
			);
			dependencies = (
			);
			name = mapitas;
			productName = mapitas;
			productReference = FA7F59C9216E968800EC2EC8 /* mapitas.app */;
			productType = "com.apple.product-type.application";
		};
/* End PBXNativeTarget section */

/* Begin PBXProject section */
		FA7F59C1216E968700EC2EC8 /* Project object */ = {
			isa = PBXProject;
			attributes = {
				LastSwiftUpdateCheck = 0940;
				LastUpgradeCheck = 0940;
				ORGANIZATIONNAME = ServiciosUHB;
				TargetAttributes = {
					FA7F59C8216E968800EC2EC8 = {
						CreatedOnToolsVersion = 9.4.1;
						SystemCapabilities = {
							com.apple.Maps.iOS = {
								enabled = 1;
							};
						};
					};
				};
			};
			buildConfigurationList = FA7F59C4216E968700EC2EC8 /* Build configuration list for PBXProject "mapitas" */;
			compatibilityVersion = "Xcode 9.3";
			developmentRegion = en;
			hasScannedForEncodings = 0;
			knownRegions = (
				en,
				Base,
			);
			mainGroup = FA7F59C0216E968700EC2EC8;
			productRefGroup = FA7F59CA216E968800EC2EC8 /* Products */;
			projectDirPath = "";
			projectRoot = "";
			targets = (
				FA7F59C8216E968800EC2EC8 /* mapitas */,
			);
		};
/* End PBXProject section */

/* Begin PBXResourcesBuildPhase section */
		FA7F59C7216E968800EC2EC8 /* Resources */ = {
			isa = PBXResourcesBuildPhase;
			buildActionMask = 2147483647;
			files = (
				FA7F59D7216E968900EC2EC8 /* LaunchScreen.storyboard in Resources */,
				FA7F59D4216E968900EC2EC8 /* Assets.xcassets in Resources */,
				FA7F59D2216E968800EC2EC8 /* Main.storyboard in Resources */,
			);
			runOnlyForDeploymentPostprocessing = 0;
		};
/* End PBXResourcesBuildPhase section */

/* Begin PBXSourcesBuildPhase section */
		FA7F59C5216E968800EC2EC8 /* Sources */ = {
			isa = PBXSourcesBuildPhase;
			buildActionMask = 2147483647;
			files = (
				FA7F59CF216E968800EC2EC8 /* ViewController.swift in Sources */,
				FA7F59CD216E968800EC2EC8 /* AppDelegate.swift in Sources */,
			);
			runOnlyForDeploymentPostprocessing = 0;
		};
/* End PBXSourcesBuildPhase section */

/* Begin PBXVariantGroup section */
		FA7F59D0216E968800EC2EC8 /* Main.storyboard */ = {
			isa = PBXVariantGroup;
			children = (
				FA7F59D1216E968800EC2EC8 /* Base */,
			);
			name = Main.storyboard;
			sourceTree = "<group>";
		};
		FA7F59D5216E968900EC2EC8 /* LaunchScreen.storyboard */ = {
			isa = PBXVariantGroup;
			children = (
				FA7F59D6216E968900EC2EC8 /* Base */,
			);
			name = LaunchScreen.storyboard;
			sourceTree = "<group>";
		};
/* End PBXVariantGroup section */

/* Begin XCBuildConfiguration section */
		FA7F59D9216E968900EC2EC8 /* Debug */ = {
			isa = XCBuildConfiguration;
			buildSettings = {
				ALWAYS_SEARCH_USER_PATHS = NO;
				CLANG_ANALYZER_NONNULL = YES;
				CLANG_ANALYZER_NUMBER_OBJECT_CONVERSION = YES_AGGRESSIVE;
				CLANG_CXX_LANGUAGE_STANDARD = "gnu++14";
				CLANG_CXX_LIBRARY = "libc++";
				CLANG_ENABLE_MODULES = YES;
				CLANG_ENABLE_OBJC_ARC = YES;
				CLANG_ENABLE_OBJC_WEAK = YES;
				CLANG_WARN_BLOCK_CAPTURE_AUTORELEASING = YES;
				CLANG_WARN_BOOL_CONVERSION = YES;
				CLANG_WARN_COMMA = YES;
				CLANG_WARN_CONSTANT_CONVERSION = YES;
				CLANG_WARN_DEPRECATED_OBJC_IMPLEMENTATIONS = YES;
				CLANG_WARN_DIRECT_OBJC_ISA_USAGE = YES_ERROR;
				CLANG_WARN_DOCUMENTATION_COMMENTS = YES;
				CLANG_WARN_EMPTY_BODY = YES;
				CLANG_WARN_ENUM_CONVERSION = YES;
				CLANG_WARN_INFINITE_RECURSION = YES;
				CLANG_WARN_INT_CONVERSION = YES;
				CLANG_WARN_NON_LITERAL_NULL_CONVERSION = YES;
				CLANG_WARN_OBJC_IMPLICIT_RETAIN_SELF = YES;
				CLANG_WARN_OBJC_LITERAL_CONVERSION = YES;
				CLANG_WARN_OBJC_ROOT_CLASS = YES_ERROR;
				CLANG_WARN_RANGE_LOOP_ANALYSIS = YES;
				CLANG_WARN_STRICT_PROTOTYPES = YES;
				CLANG_WARN_SUSPICIOUS_MOVE = YES;
				CLANG_WARN_UNGUARDED_AVAILABILITY = YES_AGGRESSIVE;
				CLANG_WARN_UNREACHABLE_CODE = YES;
				CLANG_WARN__DUPLICATE_METHOD_MATCH = YES;
				CODE_SIGN_IDENTITY = "iPhone Developer";
				COPY_PHASE_STRIP = NO;
				DEBUG_INFORMATION_FORMAT = dwarf;
				ENABLE_STRICT_OBJC_MSGSEND = YES;
				ENABLE_TESTABILITY = YES;
				GCC_C_LANGUAGE_STANDARD = gnu11;
				GCC_DYNAMIC_NO_PIC = NO;
				GCC_NO_COMMON_BLOCKS = YES;
				GCC_OPTIMIZATION_LEVEL = 0;
				GCC_PREPROCESSOR_DEFINITIONS = (
					"DEBUG=1",
					"$(inherited)",
				);
				GCC_WARN_64_TO_32_BIT_CONVERSION = YES;
				GCC_WARN_ABOUT_RETURN_TYPE = YES_ERROR;
				GCC_WARN_UNDECLARED_SELECTOR = YES;
				GCC_WARN_UNINITIALIZED_AUTOS = YES_AGGRESSIVE;
				GCC_WARN_UNUSED_FUNCTION = YES;
				GCC_WARN_UNUSED_VARIABLE = YES;
				IPHONEOS_DEPLOYMENT_TARGET = 11.4;
				MTL_ENABLE_DEBUG_INFO = YES;
				ONLY_ACTIVE_ARCH = YES;
				SDKROOT = iphoneos;
				SWIFT_ACTIVE_COMPILATION_CONDITIONS = DEBUG;
				SWIFT_OPTIMIZATION_LEVEL = "-Onone";
			};
			name = Debug;
		};
		FA7F59DA216E968900EC2EC8 /* Release */ = {
			isa = XCBuildConfiguration;
			buildSettings = {
				ALWAYS_SEARCH_USER_PATHS = NO;
				CLANG_ANALYZER_NONNULL = YES;
				CLANG_ANALYZER_NUMBER_OBJECT_CONVERSION = YES_AGGRESSIVE;
				CLANG_CXX_LANGUAGE_STANDARD = "gnu++14";
				CLANG_CXX_LIBRARY = "libc++";
				CLANG_ENABLE_MODULES = YES;
				CLANG_ENABLE_OBJC_ARC = YES;
				CLANG_ENABLE_OBJC_WEAK = YES;
				CLANG_WARN_BLOCK_CAPTURE_AUTORELEASING = YES;
				CLANG_WARN_BOOL_CONVERSION = YES;
				CLANG_WARN_COMMA = YES;
				CLANG_WARN_CONSTANT_CONVERSION = YES;
				CLANG_WARN_DEPRECATED_OBJC_IMPLEMENTATIONS = YES;
				CLANG_WARN_DIRECT_OBJC_ISA_USAGE = YES_ERROR;
				CLANG_WARN_DOCUMENTATION_COMMENTS = YES;
				CLANG_WARN_EMPTY_BODY = YES;
				CLANG_WARN_ENUM_CONVERSION = YES;
				CLANG_WARN_INFINITE_RECURSION = YES;
				CLANG_WARN_INT_CONVERSION = YES;
				CLANG_WARN_NON_LITERAL_NULL_CONVERSION = YES;
				CLANG_WARN_OBJC_IMPLICIT_RETAIN_SELF = YES;
				CLANG_WARN_OBJC_LITERAL_CONVERSION = YES;
				CLANG_WARN_OBJC_ROOT_CLASS = YES_ERROR;
				CLANG_WARN_RANGE_LOOP_ANALYSIS = YES;
				CLANG_WARN_STRICT_PROTOTYPES = YES;
				CLANG_WARN_SUSPICIOUS_MOVE = YES;
				CLANG_WARN_UNGUARDED_AVAILABILITY = YES_AGGRESSIVE;
				CLANG_WARN_UNREACHABLE_CODE = YES;
				CLANG_WARN__DUPLICATE_METHOD_MATCH = YES;
				CODE_SIGN_IDENTITY = "iPhone Developer";
				COPY_PHASE_STRIP = NO;
				DEBUG_INFORMATION_FORMAT = "dwarf-with-dsym";
				ENABLE_NS_ASSERTIONS = NO;
				ENABLE_STRICT_OBJC_MSGSEND = YES;
				GCC_C_LANGUAGE_STANDARD = gnu11;
				GCC_NO_COMMON_BLOCKS = YES;
				GCC_WARN_64_TO_32_BIT_CONVERSION = YES;
				GCC_WARN_ABOUT_RETURN_TYPE = YES_ERROR;
				GCC_WARN_UNDECLARED_SELECTOR = YES;
				GCC_WARN_UNINITIALIZED_AUTOS = YES_AGGRESSIVE;
				GCC_WARN_UNUSED_FUNCTION = YES;
				GCC_WARN_UNUSED_VARIABLE = YES;
				IPHONEOS_DEPLOYMENT_TARGET = 11.4;
				MTL_ENABLE_DEBUG_INFO = NO;
				SDKROOT = iphoneos;
				SWIFT_COMPILATION_MODE = wholemodule;
				SWIFT_OPTIMIZATION_LEVEL = "-O";
				VALIDATE_PRODUCT = YES;
			};
			name = Release;
		};
		FA7F59DC216E968900EC2EC8 /* Debug */ = {
			isa = XCBuildConfiguration;
			buildSettings = {
				ASSETCATALOG_COMPILER_APPICON_NAME = AppIcon;
				CODE_SIGN_STYLE = Automatic;
				INFOPLIST_FILE = mapitas/Info.plist;
				LD_RUNPATH_SEARCH_PATHS = (
					"$(inherited)",
					"@executable_path/Frameworks",
				);
				PRODUCT_BUNDLE_IDENTIFIER = unam.AV.mapitas;
				PRODUCT_NAME = "$(TARGET_NAME)";
				SWIFT_VERSION = 4.0;
				TARGETED_DEVICE_FAMILY = "1,2";
			};
			name = Debug;
		};
		FA7F59DD216E968900EC2EC8 /* Release */ = {
			isa = XCBuildConfiguration;
			buildSettings = {
				ASSETCATALOG_COMPILER_APPICON_NAME = AppIcon;
				CODE_SIGN_STYLE = Automatic;
				INFOPLIST_FILE = mapitas/Info.plist;
				LD_RUNPATH_SEARCH_PATHS = (
					"$(inherited)",
					"@executable_path/Frameworks",
				);
				PRODUCT_BUNDLE_IDENTIFIER = unam.AV.mapitas;
				PRODUCT_NAME = "$(TARGET_NAME)";
				SWIFT_VERSION = 4.0;
				TARGETED_DEVICE_FAMILY = "1,2";
			};
			name = Release;
		};
/* End XCBuildConfiguration section */

/* Begin XCConfigurationList section */
		FA7F59C4216E968700EC2EC8 /* Build configuration list for PBXProject "mapitas" */ = {
			isa = XCConfigurationList;
			buildConfigurations = (
				FA7F59D9216E968900EC2EC8 /* Debug */,
				FA7F59DA216E968900EC2EC8 /* Release */,
			);
			defaultConfigurationIsVisible = 0;
			defaultConfigurationName = Release;
		};
		FA7F59DB216E968900EC2EC8 /* Build configuration list for PBXNativeTarget "mapitas" */ = {
			isa = XCConfigurationList;
			buildConfigurations = (
				FA7F59DC216E968900EC2EC8 /* Debug */,
				FA7F59DD216E968900EC2EC8 /* Release */,
			);
			defaultConfigurationIsVisible = 0;
			defaultConfigurationName = Release;
		};
/* End XCConfigurationList section */
	};
	rootObject = FA7F59C1216E968700EC2EC8 /* Project object */;
}
